
Microsoft Visual Studio Solution File, Format Version 12.00
Project("{FAE04EC0-301F-11D3-BF4B-00C04F79EFBC}") = "movies_app", "movies_app\movies_app.csproj", "{8716CA12-E752-4A20-88C8-4DB6658DDBF3}"
EndProject
Global
	GlobalSection(SolutionConfigurationPlatforms) = preSolution
		Debug|Any CPU = Debug|Any CPU
		Release|Any CPU = Release|Any CPU
	EndGlobalSection
	GlobalSection(ProjectConfigurationPlatforms) = postSolution
		{8716CA12-E752-4A20-88C8-4DB6658DDBF3}.Debug|Any CPU.ActiveCfg = Debug|Any CPU
		{8716CA12-E752-4A20-88C8-4DB6658DDBF3}.Debug|Any CPU.Build.0 = Debug|Any CPU
		{8716CA12-E752-4A20-88C8-4DB6658DDBF3}.Release|Any CPU.ActiveCfg = Release|Any CPU
		{8716CA12-E752-4A20-88C8-4DB6658DDBF3}.Release|Any CPU.Build.0 = Release|Any CPU
	EndGlobalSection
EndGlobal
